<?xml version="1.0" encoding="utf-8"?>
<Project ToolsVersion="4.0" xmlns="http://schemas.microsoft.com/developer/msbuild/2003">
  <ItemGroup>
    <ClCompile Include="..\common\glad\glad.c" />
    <ClCompile Include="..\common\r_log.c">
      <Filter>engine</Filter>
    </ClCompile>
    <ClCompile Include="..\common\r_system.c">
      <Filter>engine</Filter>
    </ClCompile>
    <ClCompile Include="..\common\r_system_win32.c">
      <Filter>engine</Filter>
    </ClCompile>
    <ClCompile Include="strutl.c">
      <Filter>engine</Filter>
    </ClCompile>
    <ClCompile Include="..\common\window_win32.c">
      <Filter>engine</Filter>
    </ClCompile>
    <ClCompile Include="..\common\shader.cpp" />
    <ClCompile Include="..\common\r_gl_errors.cpp" />
    <ClCompile Include="..\common\memfile.cpp" />
    <ClCompile Include="main.cpp" />
  </ItemGroup>
  <ItemGroup>
    <ClInclude Include="..\common\shader.h" />
    <ClInclude Include="..\common\memfile.h" />
    <ClInclude Include="..\common\r_gl_errors.h" />
    <ClInclude Include="..\common\r_keys.h">
      <Filter>engine</Filter>
    </ClInclude>
    <ClInclude Include="..\common\r_log.h">
      <Filter>engine</Filter>
    </ClInclude>
    <ClInclude Include="..\common\r_status.h">
      <Filter>engine</Filter>
    </ClInclude>
    <ClInclude Include="..\common\r_system.h">
      <Filter>engine</Filter>
    </ClInclude>
    <ClInclude Include="..\common\window.h">
      <Filter>engine</Filter>
    </ClInclude>
    <ClInclude Include="strutl.h">
      <Filter>engine</Filter>
    </ClInclude>
    <ClInclude Include="..\common\window_win32.h">
      <Filter>engine</Filter>
    </ClInclude>
    <ClInclude Include="..\common\r_typedefs.h" />
    <ClInclude Include="..\common\glad\glad.h" />
  </ItemGroup>
  <ItemGroup>
    <Filter Include="engine">
      <UniqueIdentifier>{5c88d261-58c0-492d-8c7d-e9289a698615}</UniqueIdentifier>
    </Filter>
  </ItemGroup>
</Project>